
Microsoft Visual Studio Solution File, Format Version 12.00
# Visual Studio Version 17
VisualStudioVersion = 17.6.33815.320
MinimumVisualStudioVersion = 10.0.40219.1
Project("{9A19103F-16F7-4668-BE54-9A1E7A4F7556}") = "rayboard", "rayboard\rayboard.csproj", "{B307BBB1-A3E5-4C49-8600-E25DFC62DE4A}"
EndProject
Global
	GlobalSection(SolutionConfigurationPlatforms) = preSolution
		Debug|Any CPU = Debug|Any CPU
		Release|Any CPU = Release|Any CPU
	EndGlobalSection
	GlobalSection(ProjectConfigurationPlatforms) = postSolution
		{B307BBB1-A3E5-4C49-8600-E25DFC62DE4A}.Debug|Any CPU.ActiveCfg = Debug|Any CPU
		{B307BBB1-A3E5-4C49-8600-E25DFC62DE4A}.Debug|Any CPU.Build.0 = Debug|Any CPU
		{B307BBB1-A3E5-4C49-8600-E25DFC62DE4A}.Release|Any CPU.ActiveCfg = Release|Any CPU
		{B307BBB1-A3E5-4C49-8600-E25DFC62DE4A}.Release|Any CPU.Build.0 = Release|Any CPU
	EndGlobalSection
	GlobalSection(SolutionProperties) = preSolution
		HideSolutionNode = FALSE
	EndGlobalSection
	GlobalSection(ExtensibilityGlobals) = postSolution
		SolutionGuid = {8A8E7641-0C2B-417E-9A93-34B402AE0153}
	EndGlobalSection
EndGlobal
