
Microsoft Visual Studio Solution File, Format Version 12.00
# Visual Studio Version 17
VisualStudioVersion = 17.6.33815.320
MinimumVisualStudioVersion = 10.0.40219.1
Project("{FAE04EC0-301F-11D3-BF4B-00C04F79EFBC}") = "userInputraylib", "userInputraylib\userInputraylib.csproj", "{B521374E-3066-4D8F-8602-6060B9F0FCD2}"
EndProject
Global
	GlobalSection(SolutionConfigurationPlatforms) = preSolution
		Debug|Any CPU = Debug|Any CPU
		Release|Any CPU = Release|Any CPU
	EndGlobalSection
	GlobalSection(ProjectConfigurationPlatforms) = postSolution
		{B521374E-3066-4D8F-8602-6060B9F0FCD2}.Debug|Any CPU.ActiveCfg = Debug|Any CPU
		{B521374E-3066-4D8F-8602-6060B9F0FCD2}.Debug|Any CPU.Build.0 = Debug|Any CPU
		{B521374E-3066-4D8F-8602-6060B9F0FCD2}.Release|Any CPU.ActiveCfg = Release|Any CPU
		{B521374E-3066-4D8F-8602-6060B9F0FCD2}.Release|Any CPU.Build.0 = Release|Any CPU
	EndGlobalSection
	GlobalSection(SolutionProperties) = preSolution
		HideSolutionNode = FALSE
	EndGlobalSection
	GlobalSection(ExtensibilityGlobals) = postSolution
		SolutionGuid = {8A8E7641-0C2B-417E-9A93-34B402AE0153}
	EndGlobalSection
EndGlobal
